
Microsoft Visual Studio Solution File, Format Version 12.00
# Visual Studio 15
VisualStudioVersion = 15.0.28307.572
MinimumVisualStudioVersion = 10.0.40219.1
Project("{FAE04EC0-301F-11D3-BF4B-00C04F79EFBC}") = "FNT_SearchFightApp", "SearchFightApp\FNT_SearchFightApp.csproj", "{DD785818-B0A0-4805-B351-3A54817835E6}"
EndProject
Project("{2150E333-8FDC-42A3-9474-1A3956D46DE8}") = "Client", "Client", "{8C895D97-8AFB-4408-A6C7-0F3A837F68B1}"
EndProject
Project("{2150E333-8FDC-42A3-9474-1A3956D46DE8}") = "Source", "Source", "{4645DE39-6E42-4990-86F8-9484F4880148}"
EndProject
Project("{FAE04EC0-301F-11D3-BF4B-00C04F79EFBC}") = "FNT_BusinessEntities", "FNT_BusinessEntities\FNT_BusinessEntities.csproj", "{E5F7BEC1-91D5-45DC-9A46-373E52D25CC6}"
EndProject
Project("{FAE04EC0-301F-11D3-BF4B-00C04F79EFBC}") = "FNT_BusinessLogic", "FNT_BusinessLogic\FNT_BusinessLogic.csproj", "{00FCBF6D-AD93-4DE7-8A00-BFAB449109DF}"
EndProject
Project("{FAE04EC0-301F-11D3-BF4B-00C04F79EFBC}") = "FNT_Services", "FNT_Services\FNT_Services.csproj", "{E2DD718F-1C33-48BC-BEE9-50E2E5C5D664}"
EndProject
Project("{FAE04EC0-301F-11D3-BF4B-00C04F79EFBC}") = "FNT_Contracts", "FNT_Contracts\FNT_Contracts.csproj", "{ABE6C5E0-E1B2-44E6-B173-A788C45FF44B}"
EndProject
Project("{FAE04EC0-301F-11D3-BF4B-00C04F79EFBC}") = "FTN_Common", "FTN_Common\FTN_Common.csproj", "{40F63957-5D55-4589-B189-EF0182E91196}"
EndProject
Project("{2150E333-8FDC-42A3-9474-1A3956D46DE8}") = "Tests", "Tests", "{33C022DA-AAE2-4586-A762-01AB471645BA}"
EndProject
Project("{FAE04EC0-301F-11D3-BF4B-00C04F79EFBC}") = "FNT_SearchFightTests", "FNT_SearchFightTests\FNT_SearchFightTests.csproj", "{C941A9FB-D679-46BD-8EA4-2213FFE5A7F6}"
EndProject
Global
	GlobalSection(SolutionConfigurationPlatforms) = preSolution
		Debug|Any CPU = Debug|Any CPU
		Debug|ARM = Debug|ARM
		Debug|ARM64 = Debug|ARM64
		Debug|x64 = Debug|x64
		Debug|x86 = Debug|x86
		Release|Any CPU = Release|Any CPU
		Release|ARM = Release|ARM
		Release|ARM64 = Release|ARM64
		Release|x64 = Release|x64
		Release|x86 = Release|x86
	EndGlobalSection
	GlobalSection(ProjectConfigurationPlatforms) = postSolution
		{DD785818-B0A0-4805-B351-3A54817835E6}.Debug|Any CPU.ActiveCfg = Debug|Any CPU
		{DD785818-B0A0-4805-B351-3A54817835E6}.Debug|Any CPU.Build.0 = Debug|Any CPU
		{DD785818-B0A0-4805-B351-3A54817835E6}.Debug|ARM.ActiveCfg = Debug|Any CPU
		{DD785818-B0A0-4805-B351-3A54817835E6}.Debug|ARM.Build.0 = Debug|Any CPU
		{DD785818-B0A0-4805-B351-3A54817835E6}.Debug|ARM64.ActiveCfg = Debug|Any CPU
		{DD785818-B0A0-4805-B351-3A54817835E6}.Debug|ARM64.Build.0 = Debug|Any CPU
		{DD785818-B0A0-4805-B351-3A54817835E6}.Debug|x64.ActiveCfg = Debug|Any CPU
		{DD785818-B0A0-4805-B351-3A54817835E6}.Debug|x64.Build.0 = Debug|Any CPU
		{DD785818-B0A0-4805-B351-3A54817835E6}.Debug|x86.ActiveCfg = Debug|Any CPU
		{DD785818-B0A0-4805-B351-3A54817835E6}.Debug|x86.Build.0 = Debug|Any CPU
		{DD785818-B0A0-4805-B351-3A54817835E6}.Release|Any CPU.ActiveCfg = Release|Any CPU
		{DD785818-B0A0-4805-B351-3A54817835E6}.Release|Any CPU.Build.0 = Release|Any CPU
		{DD785818-B0A0-4805-B351-3A54817835E6}.Release|ARM.ActiveCfg = Release|Any CPU
		{DD785818-B0A0-4805-B351-3A54817835E6}.Release|ARM.Build.0 = Release|Any CPU
		{DD785818-B0A0-4805-B351-3A54817835E6}.Release|ARM64.ActiveCfg = Release|Any CPU
		{DD785818-B0A0-4805-B351-3A54817835E6}.Release|ARM64.Build.0 = Release|Any CPU
		{DD785818-B0A0-4805-B351-3A54817835E6}.Release|x64.ActiveCfg = Release|Any CPU
		{DD785818-B0A0-4805-B351-3A54817835E6}.Release|x64.Build.0 = Release|Any CPU
		{DD785818-B0A0-4805-B351-3A54817835E6}.Release|x86.ActiveCfg = Release|Any CPU
		{DD785818-B0A0-4805-B351-3A54817835E6}.Release|x86.Build.0 = Release|Any CPU
		{E5F7BEC1-91D5-45DC-9A46-373E52D25CC6}.Debug|Any CPU.ActiveCfg = Debug|Any CPU
		{E5F7BEC1-91D5-45DC-9A46-373E52D25CC6}.Debug|Any CPU.Build.0 = Debug|Any CPU
		{E5F7BEC1-91D5-45DC-9A46-373E52D25CC6}.Debug|ARM.ActiveCfg = Debug|Any CPU
		{E5F7BEC1-91D5-45DC-9A46-373E52D25CC6}.Debug|ARM.Build.0 = Debug|Any CPU
		{E5F7BEC1-91D5-45DC-9A46-373E52D25CC6}.Debug|ARM64.ActiveCfg = Debug|Any CPU
		{E5F7BEC1-91D5-45DC-9A46-373E52D25CC6}.Debug|ARM64.Build.0 = Debug|Any CPU
		{E5F7BEC1-91D5-45DC-9A46-373E52D25CC6}.Debug|x64.ActiveCfg = Debug|Any CPU
		{E5F7BEC1-91D5-45DC-9A46-373E52D25CC6}.Debug|x64.Build.0 = Debug|Any CPU
		{E5F7BEC1-91D5-45DC-9A46-373E52D25CC6}.Debug|x86.ActiveCfg = Debug|Any CPU
		{E5F7BEC1-91D5-45DC-9A46-373E52D25CC6}.Debug|x86.Build.0 = Debug|Any CPU
		{E5F7BEC1-91D5-45DC-9A46-373E52D25CC6}.Release|Any CPU.ActiveCfg = Release|Any CPU
		{E5F7BEC1-91D5-45DC-9A46-373E52D25CC6}.Release|Any CPU.Build.0 = Release|Any CPU
		{E5F7BEC1-91D5-45DC-9A46-373E52D25CC6}.Release|ARM.ActiveCfg = Release|Any CPU
		{E5F7BEC1-91D5-45DC-9A46-373E52D25CC6}.Release|ARM.Build.0 = Release|Any CPU
		{E5F7BEC1-91D5-45DC-9A46-373E52D25CC6}.Release|ARM64.ActiveCfg = Release|Any CPU
		{E5F7BEC1-91D5-45DC-9A46-373E52D25CC6}.Release|ARM64.Build.0 = Release|Any CPU
		{E5F7BEC1-91D5-45DC-9A46-373E52D25CC6}.Release|x64.ActiveCfg = Release|Any CPU
		{E5F7BEC1-91D5-45DC-9A46-373E52D25CC6}.Release|x64.Build.0 = Release|Any CPU
		{E5F7BEC1-91D5-45DC-9A46-373E52D25CC6}.Release|x86.ActiveCfg = Release|Any CPU
		{E5F7BEC1-91D5-45DC-9A46-373E52D25CC6}.Release|x86.Build.0 = Release|Any CPU
		{00FCBF6D-AD93-4DE7-8A00-BFAB449109DF}.Debug|Any CPU.ActiveCfg = Debug|Any CPU
		{00FCBF6D-AD93-4DE7-8A00-BFAB449109DF}.Debug|Any CPU.Build.0 = Debug|Any CPU
		{00FCBF6D-AD93-4DE7-8A00-BFAB449109DF}.Debug|ARM.ActiveCfg = Debug|Any CPU
		{00FCBF6D-AD93-4DE7-8A00-BFAB449109DF}.Debug|ARM.Build.0 = Debug|Any CPU
		{00FCBF6D-AD93-4DE7-8A00-BFAB449109DF}.Debug|ARM64.ActiveCfg = Debug|Any CPU
		{00FCBF6D-AD93-4DE7-8A00-BFAB449109DF}.Debug|ARM64.Build.0 = Debug|Any CPU
		{00FCBF6D-AD93-4DE7-8A00-BFAB449109DF}.Debug|x64.ActiveCfg = Debug|Any CPU
		{00FCBF6D-AD93-4DE7-8A00-BFAB449109DF}.Debug|x64.Build.0 = Debug|Any CPU
		{00FCBF6D-AD93-4DE7-8A00-BFAB449109DF}.Debug|x86.ActiveCfg = Debug|Any CPU
		{00FCBF6D-AD93-4DE7-8A00-BFAB449109DF}.Debug|x86.Build.0 = Debug|Any CPU
		{00FCBF6D-AD93-4DE7-8A00-BFAB449109DF}.Release|Any CPU.ActiveCfg = Release|Any CPU
		{00FCBF6D-AD93-4DE7-8A00-BFAB449109DF}.Release|Any CPU.Build.0 = Release|Any CPU
		{00FCBF6D-AD93-4DE7-8A00-BFAB449109DF}.Release|ARM.ActiveCfg = Release|Any CPU
		{00FCBF6D-AD93-4DE7-8A00-BFAB449109DF}.Release|ARM.Build.0 = Release|Any CPU
		{00FCBF6D-AD93-4DE7-8A00-BFAB449109DF}.Release|ARM64.ActiveCfg = Release|Any CPU
		{00FCBF6D-AD93-4DE7-8A00-BFAB449109DF}.Release|ARM64.Build.0 = Release|Any CPU
		{00FCBF6D-AD93-4DE7-8A00-BFAB449109DF}.Release|x64.ActiveCfg = Release|Any CPU
		{00FCBF6D-AD93-4DE7-8A00-BFAB449109DF}.Release|x64.Build.0 = Release|Any CPU
		{00FCBF6D-AD93-4DE7-8A00-BFAB449109DF}.Release|x86.ActiveCfg = Release|Any CPU
		{00FCBF6D-AD93-4DE7-8A00-BFAB449109DF}.Release|x86.Build.0 = Release|Any CPU
		{E2DD718F-1C33-48BC-BEE9-50E2E5C5D664}.Debug|Any CPU.ActiveCfg = Debug|Any CPU
		{E2DD718F-1C33-48BC-BEE9-50E2E5C5D664}.Debug|Any CPU.Build.0 = Debug|Any CPU
		{E2DD718F-1C33-48BC-BEE9-50E2E5C5D664}.Debug|ARM.ActiveCfg = Debug|Any CPU
		{E2DD718F-1C33-48BC-BEE9-50E2E5C5D664}.Debug|ARM.Build.0 = Debug|Any CPU
		{E2DD718F-1C33-48BC-BEE9-50E2E5C5D664}.Debug|ARM64.ActiveCfg = Debug|Any CPU
		{E2DD718F-1C33-48BC-BEE9-50E2E5C5D664}.Debug|ARM64.Build.0 = Debug|Any CPU
		{E2DD718F-1C33-48BC-BEE9-50E2E5C5D664}.Debug|x64.ActiveCfg = Debug|Any CPU
		{E2DD718F-1C33-48BC-BEE9-50E2E5C5D664}.Debug|x64.Build.0 = Debug|Any CPU
		{E2DD718F-1C33-48BC-BEE9-50E2E5C5D664}.Debug|x86.ActiveCfg = Debug|Any CPU
		{E2DD718F-1C33-48BC-BEE9-50E2E5C5D664}.Debug|x86.Build.0 = Debug|Any CPU
		{E2DD718F-1C33-48BC-BEE9-50E2E5C5D664}.Release|Any CPU.ActiveCfg = Release|Any CPU
		{E2DD718F-1C33-48BC-BEE9-50E2E5C5D664}.Release|Any CPU.Build.0 = Release|Any CPU
		{E2DD718F-1C33-48BC-BEE9-50E2E5C5D664}.Release|ARM.ActiveCfg = Release|Any CPU
		{E2DD718F-1C33-48BC-BEE9-50E2E5C5D664}.Release|ARM.Build.0 = Release|Any CPU
		{E2DD718F-1C33-48BC-BEE9-50E2E5C5D664}.Release|ARM64.ActiveCfg = Release|Any CPU
		{E2DD718F-1C33-48BC-BEE9-50E2E5C5D664}.Release|ARM64.Build.0 = Release|Any CPU
		{E2DD718F-1C33-48BC-BEE9-50E2E5C5D664}.Release|x64.ActiveCfg = Release|Any CPU
		{E2DD718F-1C33-48BC-BEE9-50E2E5C5D664}.Release|x64.Build.0 = Release|Any CPU
		{E2DD718F-1C33-48BC-BEE9-50E2E5C5D664}.Release|x86.ActiveCfg = Release|Any CPU
		{E2DD718F-1C33-48BC-BEE9-50E2E5C5D664}.Release|x86.Build.0 = Release|Any CPU
		{ABE6C5E0-E1B2-44E6-B173-A788C45FF44B}.Debug|Any CPU.ActiveCfg = Debug|Any CPU
		{ABE6C5E0-E1B2-44E6-B173-A788C45FF44B}.Debug|Any CPU.Build.0 = Debug|Any CPU
		{ABE6C5E0-E1B2-44E6-B173-A788C45FF44B}.Debug|ARM.ActiveCfg = Debug|Any CPU
		{ABE6C5E0-E1B2-44E6-B173-A788C45FF44B}.Debug|ARM.Build.0 = Debug|Any CPU
		{ABE6C5E0-E1B2-44E6-B173-A788C45FF44B}.Debug|ARM64.ActiveCfg = Debug|Any CPU
		{ABE6C5E0-E1B2-44E6-B173-A788C45FF44B}.Debug|ARM64.Build.0 = Debug|Any CPU
		{ABE6C5E0-E1B2-44E6-B173-A788C45FF44B}.Debug|x64.ActiveCfg = Debug|Any CPU
		{ABE6C5E0-E1B2-44E6-B173-A788C45FF44B}.Debug|x64.Build.0 = Debug|Any CPU
		{ABE6C5E0-E1B2-44E6-B173-A788C45FF44B}.Debug|x86.ActiveCfg = Debug|Any CPU
		{ABE6C5E0-E1B2-44E6-B173-A788C45FF44B}.Debug|x86.Build.0 = Debug|Any CPU
		{ABE6C5E0-E1B2-44E6-B173-A788C45FF44B}.Release|Any CPU.ActiveCfg = Release|Any CPU
		{ABE6C5E0-E1B2-44E6-B173-A788C45FF44B}.Release|Any CPU.Build.0 = Release|Any CPU
		{ABE6C5E0-E1B2-44E6-B173-A788C45FF44B}.Release|ARM.ActiveCfg = Release|Any CPU
		{ABE6C5E0-E1B2-44E6-B173-A788C45FF44B}.Release|ARM.Build.0 = Release|Any CPU
		{ABE6C5E0-E1B2-44E6-B173-A788C45FF44B}.Release|ARM64.ActiveCfg = Release|Any CPU
		{ABE6C5E0-E1B2-44E6-B173-A788C45FF44B}.Release|ARM64.Build.0 = Release|Any CPU
		{ABE6C5E0-E1B2-44E6-B173-A788C45FF44B}.Release|x64.ActiveCfg = Release|Any CPU
		{ABE6C5E0-E1B2-44E6-B173-A788C45FF44B}.Release|x64.Build.0 = Release|Any CPU
		{ABE6C5E0-E1B2-44E6-B173-A788C45FF44B}.Release|x86.ActiveCfg = Release|Any CPU
		{ABE6C5E0-E1B2-44E6-B173-A788C45FF44B}.Release|x86.Build.0 = Release|Any CPU
		{40F63957-5D55-4589-B189-EF0182E91196}.Debug|Any CPU.ActiveCfg = Debug|Any CPU
		{40F63957-5D55-4589-B189-EF0182E91196}.Debug|Any CPU.Build.0 = Debug|Any CPU
		{40F63957-5D55-4589-B189-EF0182E91196}.Debug|ARM.ActiveCfg = Debug|Any CPU
		{40F63957-5D55-4589-B189-EF0182E91196}.Debug|ARM.Build.0 = Debug|Any CPU
		{40F63957-5D55-4589-B189-EF0182E91196}.Debug|ARM64.ActiveCfg = Debug|Any CPU
		{40F63957-5D55-4589-B189-EF0182E91196}.Debug|ARM64.Build.0 = Debug|Any CPU
		{40F63957-5D55-4589-B189-EF0182E91196}.Debug|x64.ActiveCfg = Debug|Any CPU
		{40F63957-5D55-4589-B189-EF0182E91196}.Debug|x64.Build.0 = Debug|Any CPU
		{40F63957-5D55-4589-B189-EF0182E91196}.Debug|x86.ActiveCfg = Debug|Any CPU
		{40F63957-5D55-4589-B189-EF0182E91196}.Debug|x86.Build.0 = Debug|Any CPU
		{40F63957-5D55-4589-B189-EF0182E91196}.Release|Any CPU.ActiveCfg = Release|Any CPU
		{40F63957-5D55-4589-B189-EF0182E91196}.Release|Any CPU.Build.0 = Release|Any CPU
		{40F63957-5D55-4589-B189-EF0182E91196}.Release|ARM.ActiveCfg = Release|Any CPU
		{40F63957-5D55-4589-B189-EF0182E91196}.Release|ARM.Build.0 = Release|Any CPU
		{40F63957-5D55-4589-B189-EF0182E91196}.Release|ARM64.ActiveCfg = Release|Any CPU
		{40F63957-5D55-4589-B189-EF0182E91196}.Release|ARM64.Build.0 = Release|Any CPU
		{40F63957-5D55-4589-B189-EF0182E91196}.Release|x64.ActiveCfg = Release|Any CPU
		{40F63957-5D55-4589-B189-EF0182E91196}.Release|x64.Build.0 = Release|Any CPU
		{40F63957-5D55-4589-B189-EF0182E91196}.Release|x86.ActiveCfg = Release|Any CPU
		{40F63957-5D55-4589-B189-EF0182E91196}.Release|x86.Build.0 = Release|Any CPU
		{C941A9FB-D679-46BD-8EA4-2213FFE5A7F6}.Debug|Any CPU.ActiveCfg = Debug|Any CPU
		{C941A9FB-D679-46BD-8EA4-2213FFE5A7F6}.Debug|Any CPU.Build.0 = Debug|Any CPU
		{C941A9FB-D679-46BD-8EA4-2213FFE5A7F6}.Debug|ARM.ActiveCfg = Debug|Any CPU
		{C941A9FB-D679-46BD-8EA4-2213FFE5A7F6}.Debug|ARM.Build.0 = Debug|Any CPU
		{C941A9FB-D679-46BD-8EA4-2213FFE5A7F6}.Debug|ARM64.ActiveCfg = Debug|Any CPU
		{C941A9FB-D679-46BD-8EA4-2213FFE5A7F6}.Debug|ARM64.Build.0 = Debug|Any CPU
		{C941A9FB-D679-46BD-8EA4-2213FFE5A7F6}.Debug|x64.ActiveCfg = Debug|Any CPU
		{C941A9FB-D679-46BD-8EA4-2213FFE5A7F6}.Debug|x64.Build.0 = Debug|Any CPU
		{C941A9FB-D679-46BD-8EA4-2213FFE5A7F6}.Debug|x86.ActiveCfg = Debug|Any CPU
		{C941A9FB-D679-46BD-8EA4-2213FFE5A7F6}.Debug|x86.Build.0 = Debug|Any CPU
		{C941A9FB-D679-46BD-8EA4-2213FFE5A7F6}.Release|Any CPU.ActiveCfg = Release|Any CPU
		{C941A9FB-D679-46BD-8EA4-2213FFE5A7F6}.Release|Any CPU.Build.0 = Release|Any CPU
		{C941A9FB-D679-46BD-8EA4-2213FFE5A7F6}.Release|ARM.ActiveCfg = Release|Any CPU
		{C941A9FB-D679-46BD-8EA4-2213FFE5A7F6}.Release|ARM.Build.0 = Release|Any CPU
		{C941A9FB-D679-46BD-8EA4-2213FFE5A7F6}.Release|ARM64.ActiveCfg = Release|Any CPU
		{C941A9FB-D679-46BD-8EA4-2213FFE5A7F6}.Release|ARM64.Build.0 = Release|Any CPU
		{C941A9FB-D679-46BD-8EA4-2213FFE5A7F6}.Release|x64.ActiveCfg = Release|Any CPU
		{C941A9FB-D679-46BD-8EA4-2213FFE5A7F6}.Release|x64.Build.0 = Release|Any CPU
		{C941A9FB-D679-46BD-8EA4-2213FFE5A7F6}.Release|x86.ActiveCfg = Release|Any CPU
		{C941A9FB-D679-46BD-8EA4-2213FFE5A7F6}.Release|x86.Build.0 = Release|Any CPU
	EndGlobalSection
	GlobalSection(SolutionProperties) = preSolution
		HideSolutionNode = FALSE
	EndGlobalSection
	GlobalSection(NestedProjects) = preSolution
		{DD785818-B0A0-4805-B351-3A54817835E6} = {8C895D97-8AFB-4408-A6C7-0F3A837F68B1}
		{E5F7BEC1-91D5-45DC-9A46-373E52D25CC6} = {4645DE39-6E42-4990-86F8-9484F4880148}
		{00FCBF6D-AD93-4DE7-8A00-BFAB449109DF} = {4645DE39-6E42-4990-86F8-9484F4880148}
		{E2DD718F-1C33-48BC-BEE9-50E2E5C5D664} = {4645DE39-6E42-4990-86F8-9484F4880148}
		{ABE6C5E0-E1B2-44E6-B173-A788C45FF44B} = {4645DE39-6E42-4990-86F8-9484F4880148}
		{40F63957-5D55-4589-B189-EF0182E91196} = {4645DE39-6E42-4990-86F8-9484F4880148}
		{C941A9FB-D679-46BD-8EA4-2213FFE5A7F6} = {33C022DA-AAE2-4586-A762-01AB471645BA}
	EndGlobalSection
	GlobalSection(ExtensibilityGlobals) = postSolution
		SolutionGuid = {E6F54B9D-E8F7-4621-84A9-2912F5C5AEB7}
	EndGlobalSection
EndGlobal
